// !$*UTF8*$!
{
	archiveVersion = 1;
	classes = {
	};
	objectVersion = 56;
	objects = {

/* Begin PBXBuildFile section */
		D92F76DF2AA8EA1E009C1E16 /* ArtistAlbumsCollectionViewCell.swift in Sources */ = {isa = PBXBuildFile; fileRef = D92F76DE2AA8EA1E009C1E16 /* ArtistAlbumsCollectionViewCell.swift */; };
		D92F76E12AA92534009C1E16 /* OtherArtistsCollectionView.swift in Sources */ = {isa = PBXBuildFile; fileRef = D92F76E02AA92534009C1E16 /* OtherArtistsCollectionView.swift */; };
		D93D58E52A7ABE2700DE1861 /* SnapKit-Dynamic in Frameworks */ = {isa = PBXBuildFile; productRef = D93D58E42A7ABE2700DE1861 /* SnapKit-Dynamic */; };
		D94376682AA0F3D000C11F4F /* FirstSectionCell.swift in Sources */ = {isa = PBXBuildFile; fileRef = D94376672AA0F3D000C11F4F /* FirstSectionCell.swift */; };
		D943766C2AA0F4A700C11F4F /* SecondSectionCell.swift in Sources */ = {isa = PBXBuildFile; fileRef = D943766B2AA0F4A700C11F4F /* SecondSectionCell.swift */; };
		D94376702AA0FA4200C11F4F /* OtherSongsCollectionView.swift in Sources */ = {isa = PBXBuildFile; fileRef = D943766F2AA0FA4200C11F4F /* OtherSongsCollectionView.swift */; };
		D95A27A62AAD114C00681934 /* StartViewController.swift in Sources */ = {isa = PBXBuildFile; fileRef = D95A27A52AAD114B00681934 /* StartViewController.swift */; };
		D95A27A82AAD116B00681934 /* LoginViewController.swift in Sources */ = {isa = PBXBuildFile; fileRef = D95A27A72AAD116B00681934 /* LoginViewController.swift */; };
		D95A27AA2AAD117D00681934 /* SignUpViewController.swift in Sources */ = {isa = PBXBuildFile; fileRef = D95A27A92AAD117D00681934 /* SignUpViewController.swift */; };
		D95A27AD2AAD23A600681934 /* Knewave-Regular.ttf in Resources */ = {isa = PBXBuildFile; fileRef = D95A27AC2AAD23A600681934 /* Knewave-Regular.ttf */; };
		D95A27AF2AAD28C700681934 /* Handlee-Regular.ttf in Resources */ = {isa = PBXBuildFile; fileRef = D95A27AE2AAD28C700681934 /* Handlee-Regular.ttf */; };
		D95A27B32AAD2AE000681934 /* 19413.ttf in Resources */ = {isa = PBXBuildFile; fileRef = D95A27B22AAD2AE000681934 /* 19413.ttf */; };
		D95FD8EE2A955A290007684C /* ArtistsViewController.swift in Sources */ = {isa = PBXBuildFile; fileRef = D95FD8ED2A955A290007684C /* ArtistsViewController.swift */; };
		D9912B9C2A8931B100B0AB34 /* ImageSongSectionCell.swift in Sources */ = {isa = PBXBuildFile; fileRef = D9912B9B2A8931B000B0AB34 /* ImageSongSectionCell.swift */; };
		D9912B9E2A8931EC00B0AB34 /* TitleSongSectionCell.swift in Sources */ = {isa = PBXBuildFile; fileRef = D9912B9D2A8931EC00B0AB34 /* TitleSongSectionCell.swift */; };
		D9912BA02A89320000B0AB34 /* LyricSongSectionCell.swift in Sources */ = {isa = PBXBuildFile; fileRef = D9912B9F2A89320000B0AB34 /* LyricSongSectionCell.swift */; };
		D9912BA32A89326300B0AB34 /* OtherSongsSectionCell.swift in Sources */ = {isa = PBXBuildFile; fileRef = D9912BA22A89326300B0AB34 /* OtherSongsSectionCell.swift */; };
		D9912BA62A89337B00B0AB34 /* Song.swift in Sources */ = {isa = PBXBuildFile; fileRef = D9912BA52A89337B00B0AB34 /* Song.swift */; };
		D991DBD02AB24C6C00D936D5 /* UserDefault.swift in Sources */ = {isa = PBXBuildFile; fileRef = D991DBCF2AB24C6C00D936D5 /* UserDefault.swift */; };
		D9E6A7442A9924E4007279B5 /* ReusableCellProtocol.swift in Sources */ = {isa = PBXBuildFile; fileRef = D9E6A7432A9924E4007279B5 /* ReusableCellProtocol.swift */; };
		D9E6A7462A99270B007279B5 /* SectionOfArtists.swift in Sources */ = {isa = PBXBuildFile; fileRef = D9E6A7452A99270B007279B5 /* SectionOfArtists.swift */; };
		D9E6A7492A994FBF007279B5 /* ArtistsCardViewController.swift in Sources */ = {isa = PBXBuildFile; fileRef = D9E6A7482A994FBF007279B5 /* ArtistsCardViewController.swift */; };
		D9E6A74B2A995629007279B5 /* TitleArtistImageViewCell.swift in Sources */ = {isa = PBXBuildFile; fileRef = D9E6A74A2A995629007279B5 /* TitleArtistImageViewCell.swift */; };
		D9E6A7572A995960007279B5 /* SectionOfSongs.swift in Sources */ = {isa = PBXBuildFile; fileRef = D9E6A7562A995960007279B5 /* SectionOfSongs.swift */; };
		D9E6A7592A9A8736007279B5 /* PopularSongsOfArtistViewCell.swift in Sources */ = {isa = PBXBuildFile; fileRef = D9E6A7582A9A8736007279B5 /* PopularSongsOfArtistViewCell.swift */; };
		D9E6A75B2A9A878C007279B5 /* AlbumsOfArtistViewCell.swift in Sources */ = {isa = PBXBuildFile; fileRef = D9E6A75A2A9A878C007279B5 /* AlbumsOfArtistViewCell.swift */; };
		D9E6A75D2A9A883C007279B5 /* ArtistDescriptionViewCell.swift in Sources */ = {isa = PBXBuildFile; fileRef = D9E6A75C2A9A883C007279B5 /* ArtistDescriptionViewCell.swift */; };
		D9E6A75F2A9A885B007279B5 /* OtherArtistsViewCell.swift in Sources */ = {isa = PBXBuildFile; fileRef = D9E6A75E2A9A885B007279B5 /* OtherArtistsViewCell.swift */; };
		D9E6A7612A9B8FCE007279B5 /* PopularSongsCollectionViewCell.swift in Sources */ = {isa = PBXBuildFile; fileRef = D9E6A7602A9B8FCE007279B5 /* PopularSongsCollectionViewCell.swift */; };
		D9EA94C12A5498BE000EB731 /* AppDelegate.swift in Sources */ = {isa = PBXBuildFile; fileRef = D9EA94C02A5498BE000EB731 /* AppDelegate.swift */; };
		D9EA94C52A5498BE000EB731 /* ViewController.swift in Sources */ = {isa = PBXBuildFile; fileRef = D9EA94C42A5498BE000EB731 /* ViewController.swift */; };
		D9EA94CA2A5498C0000EB731 /* Assets.xcassets in Resources */ = {isa = PBXBuildFile; fileRef = D9EA94C92A5498C0000EB731 /* Assets.xcassets */; };
		D9EA94CD2A5498C0000EB731 /* LaunchScreen.storyboard in Resources */ = {isa = PBXBuildFile; fileRef = D9EA94CB2A5498C0000EB731 /* LaunchScreen.storyboard */; };
		D9EEDF072A71876D007E1B1E /* DataManager.swift in Sources */ = {isa = PBXBuildFile; fileRef = D9EEDF062A71876D007E1B1E /* DataManager.swift */; };
		D9EEDF092A718944007E1B1E /* SongsViewController.swift in Sources */ = {isa = PBXBuildFile; fileRef = D9EEDF082A718944007E1B1E /* SongsViewController.swift */; };
		D9EEDF0B2A718AD5007E1B1E /* SongCardViewController.swift in Sources */ = {isa = PBXBuildFile; fileRef = D9EEDF0A2A718AD5007E1B1E /* SongCardViewController.swift */; };
/* End PBXBuildFile section */

/* Begin PBXFileReference section */
		D92F76DE2AA8EA1E009C1E16 /* ArtistAlbumsCollectionViewCell.swift */ = {isa = PBXFileReference; lastKnownFileType = sourcecode.swift; name = ArtistAlbumsCollectionViewCell.swift; path = CollectionViewCells/ArtistAlbumsCollectionViewCell.swift; sourceTree = "<group>"; };
		D92F76E02AA92534009C1E16 /* OtherArtistsCollectionView.swift */ = {isa = PBXFileReference; lastKnownFileType = sourcecode.swift; name = OtherArtistsCollectionView.swift; path = CollectionViewCells/OtherArtistsCollectionView.swift; sourceTree = "<group>"; };
		D94376672AA0F3D000C11F4F /* FirstSectionCell.swift */ = {isa = PBXFileReference; lastKnownFileType = sourcecode.swift; path = FirstSectionCell.swift; sourceTree = "<group>"; };
		D943766B2AA0F4A700C11F4F /* SecondSectionCell.swift */ = {isa = PBXFileReference; lastKnownFileType = sourcecode.swift; path = SecondSectionCell.swift; sourceTree = "<group>"; };
		D943766F2AA0FA4200C11F4F /* OtherSongsCollectionView.swift */ = {isa = PBXFileReference; lastKnownFileType = sourcecode.swift; path = OtherSongsCollectionView.swift; sourceTree = "<group>"; };
		D95A27A52AAD114B00681934 /* StartViewController.swift */ = {isa = PBXFileReference; lastKnownFileType = sourcecode.swift; path = StartViewController.swift; sourceTree = "<group>"; };
		D95A27A72AAD116B00681934 /* LoginViewController.swift */ = {isa = PBXFileReference; lastKnownFileType = sourcecode.swift; path = LoginViewController.swift; sourceTree = "<group>"; };
		D95A27A92AAD117D00681934 /* SignUpViewController.swift */ = {isa = PBXFileReference; lastKnownFileType = sourcecode.swift; path = SignUpViewController.swift; sourceTree = "<group>"; };
		D95A27AC2AAD23A600681934 /* Knewave-Regular.ttf */ = {isa = PBXFileReference; lastKnownFileType = file; path = "Knewave-Regular.ttf"; sourceTree = "<group>"; };
		D95A27AE2AAD28C700681934 /* Handlee-Regular.ttf */ = {isa = PBXFileReference; lastKnownFileType = file; path = "Handlee-Regular.ttf"; sourceTree = "<group>"; };
		D95A27B22AAD2AE000681934 /* 19413.ttf */ = {isa = PBXFileReference; lastKnownFileType = file; path = 19413.ttf; sourceTree = "<group>"; };
		D95FD8ED2A955A290007684C /* ArtistsViewController.swift */ = {isa = PBXFileReference; lastKnownFileType = sourcecode.swift; path = ArtistsViewController.swift; sourceTree = "<group>"; };
		D9912B9B2A8931B000B0AB34 /* ImageSongSectionCell.swift */ = {isa = PBXFileReference; lastKnownFileType = sourcecode.swift; path = ImageSongSectionCell.swift; sourceTree = "<group>"; };
		D9912B9D2A8931EC00B0AB34 /* TitleSongSectionCell.swift */ = {isa = PBXFileReference; lastKnownFileType = sourcecode.swift; path = TitleSongSectionCell.swift; sourceTree = "<group>"; };
		D9912B9F2A89320000B0AB34 /* LyricSongSectionCell.swift */ = {isa = PBXFileReference; lastKnownFileType = sourcecode.swift; path = LyricSongSectionCell.swift; sourceTree = "<group>"; };
		D9912BA22A89326300B0AB34 /* OtherSongsSectionCell.swift */ = {isa = PBXFileReference; lastKnownFileType = sourcecode.swift; path = OtherSongsSectionCell.swift; sourceTree = "<group>"; };
		D9912BA52A89337B00B0AB34 /* Song.swift */ = {isa = PBXFileReference; lastKnownFileType = sourcecode.swift; path = Song.swift; sourceTree = "<group>"; };
		D991DBCF2AB24C6C00D936D5 /* UserDefault.swift */ = {isa = PBXFileReference; lastKnownFileType = sourcecode.swift; path = UserDefault.swift; sourceTree = "<group>"; };
		D9E6A7432A9924E4007279B5 /* ReusableCellProtocol.swift */ = {isa = PBXFileReference; lastKnownFileType = sourcecode.swift; name = ReusableCellProtocol.swift; path = MusicBox/Models/ReusableCellProtocol.swift; sourceTree = SOURCE_ROOT; };
		D9E6A7452A99270B007279B5 /* SectionOfArtists.swift */ = {isa = PBXFileReference; lastKnownFileType = sourcecode.swift; name = SectionOfArtists.swift; path = "MusicBox/Song Card/Views/ListOfArtists/SectionOfArtists.swift"; sourceTree = SOURCE_ROOT; };
		D9E6A7482A994FBF007279B5 /* ArtistsCardViewController.swift */ = {isa = PBXFileReference; lastKnownFileType = sourcecode.swift; path = ArtistsCardViewController.swift; sourceTree = "<group>"; };
		D9E6A74A2A995629007279B5 /* TitleArtistImageViewCell.swift */ = {isa = PBXFileReference; lastKnownFileType = sourcecode.swift; name = TitleArtistImageViewCell.swift; path = "MusicBox/Song Card/Views/CardOfArtist/TitleArtistImageViewCell.swift"; sourceTree = SOURCE_ROOT; };
		D9E6A7562A995960007279B5 /* SectionOfSongs.swift */ = {isa = PBXFileReference; lastKnownFileType = sourcecode.swift; path = SectionOfSongs.swift; sourceTree = "<group>"; };
		D9E6A7582A9A8736007279B5 /* PopularSongsOfArtistViewCell.swift */ = {isa = PBXFileReference; lastKnownFileType = sourcecode.swift; path = PopularSongsOfArtistViewCell.swift; sourceTree = "<group>"; };
		D9E6A75A2A9A878C007279B5 /* AlbumsOfArtistViewCell.swift */ = {isa = PBXFileReference; lastKnownFileType = sourcecode.swift; path = AlbumsOfArtistViewCell.swift; sourceTree = "<group>"; };
		D9E6A75C2A9A883C007279B5 /* ArtistDescriptionViewCell.swift */ = {isa = PBXFileReference; lastKnownFileType = sourcecode.swift; path = ArtistDescriptionViewCell.swift; sourceTree = "<group>"; };
		D9E6A75E2A9A885B007279B5 /* OtherArtistsViewCell.swift */ = {isa = PBXFileReference; lastKnownFileType = sourcecode.swift; path = OtherArtistsViewCell.swift; sourceTree = "<group>"; };
		D9E6A7602A9B8FCE007279B5 /* PopularSongsCollectionViewCell.swift */ = {isa = PBXFileReference; lastKnownFileType = sourcecode.swift; name = PopularSongsCollectionViewCell.swift; path = CollectionViewCells/PopularSongsCollectionViewCell.swift; sourceTree = "<group>"; };
		D9EA94BD2A5498BE000EB731 /* MusicBox.app */ = {isa = PBXFileReference; explicitFileType = wrapper.application; includeInIndex = 0; path = MusicBox.app; sourceTree = BUILT_PRODUCTS_DIR; };
		D9EA94C02A5498BE000EB731 /* AppDelegate.swift */ = {isa = PBXFileReference; lastKnownFileType = sourcecode.swift; path = AppDelegate.swift; sourceTree = "<group>"; };
		D9EA94C42A5498BE000EB731 /* ViewController.swift */ = {isa = PBXFileReference; lastKnownFileType = sourcecode.swift; path = ViewController.swift; sourceTree = "<group>"; };
		D9EA94C92A5498C0000EB731 /* Assets.xcassets */ = {isa = PBXFileReference; lastKnownFileType = folder.assetcatalog; path = Assets.xcassets; sourceTree = "<group>"; };
		D9EA94CC2A5498C0000EB731 /* Base */ = {isa = PBXFileReference; lastKnownFileType = file.storyboard; name = Base; path = Base.lproj/LaunchScreen.storyboard; sourceTree = "<group>"; };
		D9EA94CE2A5498C0000EB731 /* Info.plist */ = {isa = PBXFileReference; lastKnownFileType = text.plist.xml; path = Info.plist; sourceTree = "<group>"; };
		D9EEDF062A71876D007E1B1E /* DataManager.swift */ = {isa = PBXFileReference; lastKnownFileType = sourcecode.swift; path = DataManager.swift; sourceTree = "<group>"; };
		D9EEDF082A718944007E1B1E /* SongsViewController.swift */ = {isa = PBXFileReference; lastKnownFileType = sourcecode.swift; path = SongsViewController.swift; sourceTree = "<group>"; };
		D9EEDF0A2A718AD5007E1B1E /* SongCardViewController.swift */ = {isa = PBXFileReference; lastKnownFileType = sourcecode.swift; path = SongCardViewController.swift; sourceTree = "<group>"; };
/* End PBXFileReference section */

/* Begin PBXFrameworksBuildPhase section */
		D9EA94BA2A5498BE000EB731 /* Frameworks */ = {
			isa = PBXFrameworksBuildPhase;
			buildActionMask = 2147483647;
			files = (
				D93D58E52A7ABE2700DE1861 /* SnapKit-Dynamic in Frameworks */,
			);
			runOnlyForDeploymentPostprocessing = 0;
		};
/* End PBXFrameworksBuildPhase section */

/* Begin PBXGroup section */
		D943766D2AA0F4FC00C11F4F /* RootVC */ = {
			isa = PBXGroup;
			children = (
				D94376672AA0F3D000C11F4F /* FirstSectionCell.swift */,
				D943766B2AA0F4A700C11F4F /* SecondSectionCell.swift */,
			);
			path = RootVC;
			sourceTree = "<group>";
		};
		D943766E2AA0FA0800C11F4F /* OtherSongsSection */ = {
			isa = PBXGroup;
			children = (
				D943766F2AA0FA4200C11F4F /* OtherSongsCollectionView.swift */,
			);
			path = OtherSongsSection;
			sourceTree = "<group>";
		};
		D95A27AB2AAD236C00681934 /* Fonts */ = {
			isa = PBXGroup;
			children = (
				D95A27B22AAD2AE000681934 /* 19413.ttf */,
				D95A27AE2AAD28C700681934 /* Handlee-Regular.ttf */,
				D95A27AC2AAD23A600681934 /* Knewave-Regular.ttf */,
			);
			path = Fonts;
			sourceTree = "<group>";
		};
		D95FD8EF2A955A500007684C /* ViewControllers */ = {
			isa = PBXGroup;
			children = (
				D95FD8ED2A955A290007684C /* ArtistsViewController.swift */,
				D9E6A7482A994FBF007279B5 /* ArtistsCardViewController.swift */,
				D95A27A52AAD114B00681934 /* StartViewController.swift */,
				D95A27A72AAD116B00681934 /* LoginViewController.swift */,
				D95A27A92AAD117D00681934 /* SignUpViewController.swift */,
				D9EEDF0A2A718AD5007E1B1E /* SongCardViewController.swift */,
				D9EEDF082A718944007E1B1E /* SongsViewController.swift */,
				D9EA94C42A5498BE000EB731 /* ViewController.swift */,
			);
			path = ViewControllers;
			sourceTree = "<group>";
		};
		D9912B9A2A89315C00B0AB34 /* Song Card */ = {
			isa = PBXGroup;
			children = (
				D9912BA12A89320500B0AB34 /* Views */,
			);
			path = "Song Card";
			sourceTree = "<group>";
		};
		D9912BA12A89320500B0AB34 /* Views */ = {
			isa = PBXGroup;
			children = (
				D943766E2AA0FA0800C11F4F /* OtherSongsSection */,
				D943766D2AA0F4FC00C11F4F /* RootVC */,
				D9E6A7552A9958C3007279B5 /* CardOfSong */,
				D9E6A7542A995897007279B5 /* CardOfArtist */,
				D9E6A7532A995883007279B5 /* ListOfArtists */,
				D9E6A7522A995859007279B5 /* ListOfSongs */,
			);
			path = Views;
			sourceTree = "<group>";
		};
		D9912BA42A89337100B0AB34 /* Models */ = {
			isa = PBXGroup;
			children = (
				D9EEDF062A71876D007E1B1E /* DataManager.swift */,
				D991DBCF2AB24C6C00D936D5 /* UserDefault.swift */,
				D9E6A7432A9924E4007279B5 /* ReusableCellProtocol.swift */,
				D9EA94C02A5498BE000EB731 /* AppDelegate.swift */,
				D9912BA52A89337B00B0AB34 /* Song.swift */,
			);
			path = Models;
			sourceTree = "<group>";
		};
		D9E6A7522A995859007279B5 /* ListOfSongs */ = {
			isa = PBXGroup;
			children = (
				D9E6A7562A995960007279B5 /* SectionOfSongs.swift */,
			);
			path = ListOfSongs;
			sourceTree = "<group>";
		};
		D9E6A7532A995883007279B5 /* ListOfArtists */ = {
			isa = PBXGroup;
			children = (
				D9E6A7452A99270B007279B5 /* SectionOfArtists.swift */,
			);
			path = ListOfArtists;
			sourceTree = "<group>";
		};
		D9E6A7542A995897007279B5 /* CardOfArtist */ = {
			isa = PBXGroup;
			children = (
				D9E6A74A2A995629007279B5 /* TitleArtistImageViewCell.swift */,
				D9E6A7582A9A8736007279B5 /* PopularSongsOfArtistViewCell.swift */,
				D9E6A7602A9B8FCE007279B5 /* PopularSongsCollectionViewCell.swift */,
				D9E6A75A2A9A878C007279B5 /* AlbumsOfArtistViewCell.swift */,
				D92F76DE2AA8EA1E009C1E16 /* ArtistAlbumsCollectionViewCell.swift */,
				D9E6A75C2A9A883C007279B5 /* ArtistDescriptionViewCell.swift */,
				D9E6A75E2A9A885B007279B5 /* OtherArtistsViewCell.swift */,
				D92F76E02AA92534009C1E16 /* OtherArtistsCollectionView.swift */,
			);
			path = CardOfArtist;
			sourceTree = "<group>";
		};
		D9E6A7552A9958C3007279B5 /* CardOfSong */ = {
			isa = PBXGroup;
			children = (
				D9912B9B2A8931B000B0AB34 /* ImageSongSectionCell.swift */,
				D9912B9F2A89320000B0AB34 /* LyricSongSectionCell.swift */,
				D9912B9D2A8931EC00B0AB34 /* TitleSongSectionCell.swift */,
				D9912BA22A89326300B0AB34 /* OtherSongsSectionCell.swift */,
			);
			path = CardOfSong;
			sourceTree = "<group>";
		};
		D9EA94B42A5498BE000EB731 = {
			isa = PBXGroup;
			children = (
				D9EA94BF2A5498BE000EB731 /* MusicBox */,
				D9EA94BE2A5498BE000EB731 /* Products */,
			);
			sourceTree = "<group>";
		};
		D9EA94BE2A5498BE000EB731 /* Products */ = {
			isa = PBXGroup;
			children = (
				D9EA94BD2A5498BE000EB731 /* MusicBox.app */,
			);
			name = Products;
			sourceTree = "<group>";
		};
		D9EA94BF2A5498BE000EB731 /* MusicBox */ = {
			isa = PBXGroup;
			children = (
				D95A27AB2AAD236C00681934 /* Fonts */,
				D95FD8EF2A955A500007684C /* ViewControllers */,
				D9912BA42A89337100B0AB34 /* Models */,
				D9912B9A2A89315C00B0AB34 /* Song Card */,
				D9EA94C92A5498C0000EB731 /* Assets.xcassets */,
				D9EA94CB2A5498C0000EB731 /* LaunchScreen.storyboard */,
				D9EA94CE2A5498C0000EB731 /* Info.plist */,
			);
			path = MusicBox;
			sourceTree = "<group>";
		};
/* End PBXGroup section */

/* Begin PBXNativeTarget section */
		D9EA94BC2A5498BE000EB731 /* MusicBox */ = {
			isa = PBXNativeTarget;
			buildConfigurationList = D9EA94D12A5498C0000EB731 /* Build configuration list for PBXNativeTarget "MusicBox" */;
			buildPhases = (
				D9EA94B92A5498BE000EB731 /* Sources */,
				D9EA94BA2A5498BE000EB731 /* Frameworks */,
				D9EA94BB2A5498BE000EB731 /* Resources */,
			);
			buildRules = (
			);
			dependencies = (
			);
			name = MusicBox;
			packageProductDependencies = (
				D93D58E42A7ABE2700DE1861 /* SnapKit-Dynamic */,
			);
			productName = MusicBox;
			productReference = D9EA94BD2A5498BE000EB731 /* MusicBox.app */;
			productType = "com.apple.product-type.application";
		};
/* End PBXNativeTarget section */

/* Begin PBXProject section */
		D9EA94B52A5498BE000EB731 /* Project object */ = {
			isa = PBXProject;
			attributes = {
				BuildIndependentTargetsInParallel = 1;
				KnownAssetTags = (
					New,
				);
				LastSwiftUpdateCheck = 1430;
				LastUpgradeCheck = 1430;
				TargetAttributes = {
					D9EA94BC2A5498BE000EB731 = {
						CreatedOnToolsVersion = 14.3.1;
					};
				};
			};
			buildConfigurationList = D9EA94B82A5498BE000EB731 /* Build configuration list for PBXProject "MusicBox" */;
			compatibilityVersion = "Xcode 14.0";
			developmentRegion = en;
			hasScannedForEncodings = 0;
			knownRegions = (
				en,
				Base,
			);
			mainGroup = D9EA94B42A5498BE000EB731;
			packageReferences = (
				D93D58E32A7ABE2700DE1861 /* XCRemoteSwiftPackageReference "SnapKit" */,
			);
			productRefGroup = D9EA94BE2A5498BE000EB731 /* Products */;
			projectDirPath = "";
			projectRoot = "";
			targets = (
				D9EA94BC2A5498BE000EB731 /* MusicBox */,
			);
		};
/* End PBXProject section */

/* Begin PBXResourcesBuildPhase section */
		D9EA94BB2A5498BE000EB731 /* Resources */ = {
			isa = PBXResourcesBuildPhase;
			buildActionMask = 2147483647;
			files = (
				D95A27B32AAD2AE000681934 /* 19413.ttf in Resources */,
				D95A27AD2AAD23A600681934 /* Knewave-Regular.ttf in Resources */,
				D9EA94CD2A5498C0000EB731 /* LaunchScreen.storyboard in Resources */,
				D9EA94CA2A5498C0000EB731 /* Assets.xcassets in Resources */,
				D95A27AF2AAD28C700681934 /* Handlee-Regular.ttf in Resources */,
			);
			runOnlyForDeploymentPostprocessing = 0;
		};
/* End PBXResourcesBuildPhase section */

/* Begin PBXSourcesBuildPhase section */
		D9EA94B92A5498BE000EB731 /* Sources */ = {
			isa = PBXSourcesBuildPhase;
			buildActionMask = 2147483647;
			files = (
				D95A27A82AAD116B00681934 /* LoginViewController.swift in Sources */,
				D943766C2AA0F4A700C11F4F /* SecondSectionCell.swift in Sources */,
				D991DBD02AB24C6C00D936D5 /* UserDefault.swift in Sources */,
				D9E6A75F2A9A885B007279B5 /* OtherArtistsViewCell.swift in Sources */,
				D9912B9C2A8931B100B0AB34 /* ImageSongSectionCell.swift in Sources */,
				D9EA94C52A5498BE000EB731 /* ViewController.swift in Sources */,
				D9EEDF0B2A718AD5007E1B1E /* SongCardViewController.swift in Sources */,
				D95A27A62AAD114C00681934 /* StartViewController.swift in Sources */,
				D9E6A7612A9B8FCE007279B5 /* PopularSongsCollectionViewCell.swift in Sources */,
				D92F76E12AA92534009C1E16 /* OtherArtistsCollectionView.swift in Sources */,
				D9E6A7572A995960007279B5 /* SectionOfSongs.swift in Sources */,
				D9EEDF092A718944007E1B1E /* SongsViewController.swift in Sources */,
				D9912BA62A89337B00B0AB34 /* Song.swift in Sources */,
				D9E6A75B2A9A878C007279B5 /* AlbumsOfArtistViewCell.swift in Sources */,
				D9912BA32A89326300B0AB34 /* OtherSongsSectionCell.swift in Sources */,
				D94376682AA0F3D000C11F4F /* FirstSectionCell.swift in Sources */,
				D92F76DF2AA8EA1E009C1E16 /* ArtistAlbumsCollectionViewCell.swift in Sources */,
				D95A27AA2AAD117D00681934 /* SignUpViewController.swift in Sources */,
				D9E6A7442A9924E4007279B5 /* ReusableCellProtocol.swift in Sources */,
				D9912BA02A89320000B0AB34 /* LyricSongSectionCell.swift in Sources */,
				D9E6A74B2A995629007279B5 /* TitleArtistImageViewCell.swift in Sources */,
				D95FD8EE2A955A290007684C /* ArtistsViewController.swift in Sources */,
				D9912B9E2A8931EC00B0AB34 /* TitleSongSectionCell.swift in Sources */,
				D9EEDF072A71876D007E1B1E /* DataManager.swift in Sources */,
				D9E6A7592A9A8736007279B5 /* PopularSongsOfArtistViewCell.swift in Sources */,
				D9E6A7492A994FBF007279B5 /* ArtistsCardViewController.swift in Sources */,
				D94376702AA0FA4200C11F4F /* OtherSongsCollectionView.swift in Sources */,
				D9EA94C12A5498BE000EB731 /* AppDelegate.swift in Sources */,
				D9E6A7462A99270B007279B5 /* SectionOfArtists.swift in Sources */,
				D9E6A75D2A9A883C007279B5 /* ArtistDescriptionViewCell.swift in Sources */,
			);
			runOnlyForDeploymentPostprocessing = 0;
		};
/* End PBXSourcesBuildPhase section */

/* Begin PBXVariantGroup section */
		D9EA94CB2A5498C0000EB731 /* LaunchScreen.storyboard */ = {
			isa = PBXVariantGroup;
			children = (
				D9EA94CC2A5498C0000EB731 /* Base */,
			);
			name = LaunchScreen.storyboard;
			sourceTree = "<group>";
		};
/* End PBXVariantGroup section */

/* Begin XCBuildConfiguration section */
		D9EA94CF2A5498C0000EB731 /* Debug */ = {
			isa = XCBuildConfiguration;
			buildSettings = {
				ALWAYS_SEARCH_USER_PATHS = NO;
				CLANG_ANALYZER_NONNULL = YES;
				CLANG_ANALYZER_NUMBER_OBJECT_CONVERSION = YES_AGGRESSIVE;
				CLANG_CXX_LANGUAGE_STANDARD = "gnu++20";
				CLANG_ENABLE_MODULES = YES;
				CLANG_ENABLE_OBJC_ARC = YES;
				CLANG_ENABLE_OBJC_WEAK = YES;
				CLANG_WARN_BLOCK_CAPTURE_AUTORELEASING = YES;
				CLANG_WARN_BOOL_CONVERSION = YES;
				CLANG_WARN_COMMA = YES;
				CLANG_WARN_CONSTANT_CONVERSION = YES;
				CLANG_WARN_DEPRECATED_OBJC_IMPLEMENTATIONS = YES;
				CLANG_WARN_DIRECT_OBJC_ISA_USAGE = YES_ERROR;
				CLANG_WARN_DOCUMENTATION_COMMENTS = YES;
				CLANG_WARN_EMPTY_BODY = YES;
				CLANG_WARN_ENUM_CONVERSION = YES;
				CLANG_WARN_INFINITE_RECURSION = YES;
				CLANG_WARN_INT_CONVERSION = YES;
				CLANG_WARN_NON_LITERAL_NULL_CONVERSION = YES;
				CLANG_WARN_OBJC_IMPLICIT_RETAIN_SELF = YES;
				CLANG_WARN_OBJC_LITERAL_CONVERSION = YES;
				CLANG_WARN_OBJC_ROOT_CLASS = YES_ERROR;
				CLANG_WARN_QUOTED_INCLUDE_IN_FRAMEWORK_HEADER = YES;
				CLANG_WARN_RANGE_LOOP_ANALYSIS = YES;
				CLANG_WARN_STRICT_PROTOTYPES = YES;
				CLANG_WARN_SUSPICIOUS_MOVE = YES;
				CLANG_WARN_UNGUARDED_AVAILABILITY = YES_AGGRESSIVE;
				CLANG_WARN_UNREACHABLE_CODE = YES;
				CLANG_WARN__DUPLICATE_METHOD_MATCH = YES;
				COPY_PHASE_STRIP = NO;
				DEBUG_INFORMATION_FORMAT = dwarf;
				ENABLE_STRICT_OBJC_MSGSEND = YES;
				ENABLE_TESTABILITY = YES;
				GCC_C_LANGUAGE_STANDARD = gnu11;
				GCC_DYNAMIC_NO_PIC = NO;
				GCC_NO_COMMON_BLOCKS = YES;
				GCC_OPTIMIZATION_LEVEL = 0;
				GCC_PREPROCESSOR_DEFINITIONS = (
					"DEBUG=1",
					"$(inherited)",
				);
				GCC_WARN_64_TO_32_BIT_CONVERSION = YES;
				GCC_WARN_ABOUT_RETURN_TYPE = YES_ERROR;
				GCC_WARN_UNDECLARED_SELECTOR = YES;
				GCC_WARN_UNINITIALIZED_AUTOS = YES_AGGRESSIVE;
				GCC_WARN_UNUSED_FUNCTION = YES;
				GCC_WARN_UNUSED_VARIABLE = YES;
				IPHONEOS_DEPLOYMENT_TARGET = 16.4;
				MTL_ENABLE_DEBUG_INFO = INCLUDE_SOURCE;
				MTL_FAST_MATH = YES;
				ONLY_ACTIVE_ARCH = YES;
				SDKROOT = iphoneos;
				SWIFT_ACTIVE_COMPILATION_CONDITIONS = DEBUG;
				SWIFT_OPTIMIZATION_LEVEL = "-Onone";
			};
			name = Debug;
		};
		D9EA94D02A5498C0000EB731 /* Release */ = {
			isa = XCBuildConfiguration;
			buildSettings = {
				ALWAYS_SEARCH_USER_PATHS = NO;
				CLANG_ANALYZER_NONNULL = YES;
				CLANG_ANALYZER_NUMBER_OBJECT_CONVERSION = YES_AGGRESSIVE;
				CLANG_CXX_LANGUAGE_STANDARD = "gnu++20";
				CLANG_ENABLE_MODULES = YES;
				CLANG_ENABLE_OBJC_ARC = YES;
				CLANG_ENABLE_OBJC_WEAK = YES;
				CLANG_WARN_BLOCK_CAPTURE_AUTORELEASING = YES;
				CLANG_WARN_BOOL_CONVERSION = YES;
				CLANG_WARN_COMMA = YES;
				CLANG_WARN_CONSTANT_CONVERSION = YES;
				CLANG_WARN_DEPRECATED_OBJC_IMPLEMENTATIONS = YES;
				CLANG_WARN_DIRECT_OBJC_ISA_USAGE = YES_ERROR;
				CLANG_WARN_DOCUMENTATION_COMMENTS = YES;
				CLANG_WARN_EMPTY_BODY = YES;
				CLANG_WARN_ENUM_CONVERSION = YES;
				CLANG_WARN_INFINITE_RECURSION = YES;
				CLANG_WARN_INT_CONVERSION = YES;
				CLANG_WARN_NON_LITERAL_NULL_CONVERSION = YES;
				CLANG_WARN_OBJC_IMPLICIT_RETAIN_SELF = YES;
				CLANG_WARN_OBJC_LITERAL_CONVERSION = YES;
				CLANG_WARN_OBJC_ROOT_CLASS = YES_ERROR;
				CLANG_WARN_QUOTED_INCLUDE_IN_FRAMEWORK_HEADER = YES;
				CLANG_WARN_RANGE_LOOP_ANALYSIS = YES;
				CLANG_WARN_STRICT_PROTOTYPES = YES;
				CLANG_WARN_SUSPICIOUS_MOVE = YES;
				CLANG_WARN_UNGUARDED_AVAILABILITY = YES_AGGRESSIVE;
				CLANG_WARN_UNREACHABLE_CODE = YES;
				CLANG_WARN__DUPLICATE_METHOD_MATCH = YES;
				COPY_PHASE_STRIP = NO;
				DEBUG_INFORMATION_FORMAT = "dwarf-with-dsym";
				ENABLE_NS_ASSERTIONS = NO;
				ENABLE_STRICT_OBJC_MSGSEND = YES;
				GCC_C_LANGUAGE_STANDARD = gnu11;
				GCC_NO_COMMON_BLOCKS = YES;
				GCC_WARN_64_TO_32_BIT_CONVERSION = YES;
				GCC_WARN_ABOUT_RETURN_TYPE = YES_ERROR;
				GCC_WARN_UNDECLARED_SELECTOR = YES;
				GCC_WARN_UNINITIALIZED_AUTOS = YES_AGGRESSIVE;
				GCC_WARN_UNUSED_FUNCTION = YES;
				GCC_WARN_UNUSED_VARIABLE = YES;
				IPHONEOS_DEPLOYMENT_TARGET = 16.4;
				MTL_ENABLE_DEBUG_INFO = NO;
				MTL_FAST_MATH = YES;
				SDKROOT = iphoneos;
				SWIFT_COMPILATION_MODE = wholemodule;
				SWIFT_OPTIMIZATION_LEVEL = "-O";
				VALIDATE_PRODUCT = YES;
			};
			name = Release;
		};
		D9EA94D22A5498C0000EB731 /* Debug */ = {
			isa = XCBuildConfiguration;
			buildSettings = {
				ASSETCATALOG_COMPILER_APPICON_NAME = AppIcon;
				ASSETCATALOG_COMPILER_GLOBAL_ACCENT_COLOR_NAME = AccentColor;
				CODE_SIGN_STYLE = Automatic;
				CURRENT_PROJECT_VERSION = 1;
				DEVELOPMENT_TEAM = 4LM35KCU7S;
				GENERATE_INFOPLIST_FILE = YES;
				INFOPLIST_FILE = MusicBox/Info.plist;
				INFOPLIST_KEY_UIApplicationSupportsIndirectInputEvents = YES;
				INFOPLIST_KEY_UILaunchStoryboardName = LaunchScreen;
				INFOPLIST_KEY_UIMainStoryboardFile = "";
				INFOPLIST_KEY_UISupportedInterfaceOrientations_iPad = "UIInterfaceOrientationPortrait UIInterfaceOrientationPortraitUpsideDown UIInterfaceOrientationLandscapeLeft UIInterfaceOrientationLandscapeRight";
				INFOPLIST_KEY_UISupportedInterfaceOrientations_iPhone = "UIInterfaceOrientationPortrait UIInterfaceOrientationLandscapeLeft UIInterfaceOrientationLandscapeRight";
				LD_RUNPATH_SEARCH_PATHS = (
					"$(inherited)",
					"@executable_path/Frameworks",
				);
				MARKETING_VERSION = 1.0;
				PRODUCT_BUNDLE_IDENTIFIER = HA.MusicBox;
				PRODUCT_NAME = "$(TARGET_NAME)";
				SWIFT_EMIT_LOC_STRINGS = YES;
				SWIFT_VERSION = 5.0;
				TARGETED_DEVICE_FAMILY = "1,2";
			};
			name = Debug;
		};
		D9EA94D32A5498C0000EB731 /* Release */ = {
			isa = XCBuildConfiguration;
			buildSettings = {
				ASSETCATALOG_COMPILER_APPICON_NAME = AppIcon;
				ASSETCATALOG_COMPILER_GLOBAL_ACCENT_COLOR_NAME = AccentColor;
				CODE_SIGN_STYLE = Automatic;
				CURRENT_PROJECT_VERSION = 1;
				DEVELOPMENT_TEAM = 4LM35KCU7S;
				GENERATE_INFOPLIST_FILE = YES;
				INFOPLIST_FILE = MusicBox/Info.plist;
				INFOPLIST_KEY_UIApplicationSupportsIndirectInputEvents = YES;
				INFOPLIST_KEY_UILaunchStoryboardName = LaunchScreen;
				INFOPLIST_KEY_UIMainStoryboardFile = "";
				INFOPLIST_KEY_UISupportedInterfaceOrientations_iPad = "UIInterfaceOrientationPortrait UIInterfaceOrientationPortraitUpsideDown UIInterfaceOrientationLandscapeLeft UIInterfaceOrientationLandscapeRight";
				INFOPLIST_KEY_UISupportedInterfaceOrientations_iPhone = "UIInterfaceOrientationPortrait UIInterfaceOrientationLandscapeLeft UIInterfaceOrientationLandscapeRight";
				LD_RUNPATH_SEARCH_PATHS = (
					"$(inherited)",
					"@executable_path/Frameworks",
				);
				MARKETING_VERSION = 1.0;
				PRODUCT_BUNDLE_IDENTIFIER = HA.MusicBox;
				PRODUCT_NAME = "$(TARGET_NAME)";
				SWIFT_EMIT_LOC_STRINGS = YES;
				SWIFT_VERSION = 5.0;
				TARGETED_DEVICE_FAMILY = "1,2";
			};
			name = Release;
		};
/* End XCBuildConfiguration section */

/* Begin XCConfigurationList section */
		D9EA94B82A5498BE000EB731 /* Build configuration list for PBXProject "MusicBox" */ = {
			isa = XCConfigurationList;
			buildConfigurations = (
				D9EA94CF2A5498C0000EB731 /* Debug */,
				D9EA94D02A5498C0000EB731 /* Release */,
			);
			defaultConfigurationIsVisible = 0;
			defaultConfigurationName = Release;
		};
		D9EA94D12A5498C0000EB731 /* Build configuration list for PBXNativeTarget "MusicBox" */ = {
			isa = XCConfigurationList;
			buildConfigurations = (
				D9EA94D22A5498C0000EB731 /* Debug */,
				D9EA94D32A5498C0000EB731 /* Release */,
			);
			defaultConfigurationIsVisible = 0;
			defaultConfigurationName = Release;
		};
/* End XCConfigurationList section */

/* Begin XCRemoteSwiftPackageReference section */
		D93D58E32A7ABE2700DE1861 /* XCRemoteSwiftPackageReference "SnapKit" */ = {
			isa = XCRemoteSwiftPackageReference;
			repositoryURL = "https://github.com/SnapKit/SnapKit";
			requirement = {
				kind = upToNextMajorVersion;
				minimumVersion = 5.0.0;
			};
		};
/* End XCRemoteSwiftPackageReference section */

/* Begin XCSwiftPackageProductDependency section */
		D93D58E42A7ABE2700DE1861 /* SnapKit-Dynamic */ = {
			isa = XCSwiftPackageProductDependency;
			package = D93D58E32A7ABE2700DE1861 /* XCRemoteSwiftPackageReference "SnapKit" */;
			productName = "SnapKit-Dynamic";
		};
/* End XCSwiftPackageProductDependency section */
	};
	rootObject = D9EA94B52A5498BE000EB731 /* Project object */;
}
